
Microsoft Visual Studio Solution File, Format Version 12.00
# Visual Studio 14
VisualStudioVersion = 14.0.24720.0
MinimumVisualStudioVersion = 10.0.40219.1
Project("{FAE04EC0-301F-11D3-BF4B-00C04F79EFBC}") = "Herbata", "Herbata.csproj", "{DB1B0481-3DA6-4CF2-8251-6B4DF654C77B}"
EndProject
Global
	GlobalSection(SolutionConfigurationPlatforms) = preSolution
		Debug|Any CPU = Debug|Any CPU
		Release|Any CPU = Release|Any CPU
	EndGlobalSection
	GlobalSection(ProjectConfigurationPlatforms) = postSolution
		{DB1B0481-3DA6-4CF2-8251-6B4DF654C77B}.Debug|Any CPU.ActiveCfg = Debug|Any CPU
		{DB1B0481-3DA6-4CF2-8251-6B4DF654C77B}.Debug|Any CPU.Build.0 = Debug|Any CPU
		{DB1B0481-3DA6-4CF2-8251-6B4DF654C77B}.Release|Any CPU.ActiveCfg = Release|Any CPU
		{DB1B0481-3DA6-4CF2-8251-6B4DF654C77B}.Release|Any CPU.Build.0 = Release|Any CPU
	EndGlobalSection
	GlobalSection(SolutionProperties) = preSolution
		HideSolutionNode = FALSE
	EndGlobalSection
EndGlobal
